
Microsoft Visual Studio Solution File, Format Version 12.00
# Visual Studio Version 17
VisualStudioVersion = 17.8.34525.116
MinimumVisualStudioVersion = 10.0.40219.1
Project("{FAE04EC0-301F-11D3-BF4B-00C04F79EFBC}") = "ShoppingCart1", "ShoppingCart1\ShoppingCart1.csproj", "{3CC66D98-459D-4BCD-A49F-A8F0D37EC621}"
EndProject
Global
	GlobalSection(SolutionConfigurationPlatforms) = preSolution
		Debug|Any CPU = Debug|Any CPU
		Release|Any CPU = Release|Any CPU
	EndGlobalSection
	GlobalSection(ProjectConfigurationPlatforms) = postSolution
		{3CC66D98-459D-4BCD-A49F-A8F0D37EC621}.Debug|Any CPU.ActiveCfg = Debug|Any CPU
		{3CC66D98-459D-4BCD-A49F-A8F0D37EC621}.Debug|Any CPU.Build.0 = Debug|Any CPU
		{3CC66D98-459D-4BCD-A49F-A8F0D37EC621}.Release|Any CPU.ActiveCfg = Release|Any CPU
		{3CC66D98-459D-4BCD-A49F-A8F0D37EC621}.Release|Any CPU.Build.0 = Release|Any CPU
	EndGlobalSection
	GlobalSection(SolutionProperties) = preSolution
		HideSolutionNode = FALSE
	EndGlobalSection
	GlobalSection(ExtensibilityGlobals) = postSolution
		SolutionGuid = {8FBD1E8C-7170-41AB-BF29-85186D53ACB9}
	EndGlobalSection
EndGlobal
